
Microsoft Visual Studio Solution File, Format Version 12.00
# Visual Studio Version 16
VisualStudioVersion = 16.0.31729.503
MinimumVisualStudioVersion = 10.0.40219.1
Project("{FAE04EC0-301F-11D3-BF4B-00C04F79EFBC}") = "asp_project", "asp_project\asp_project.csproj", "{7A156B49-E814-469F-90EE-BBA04A003CA5}"
EndProject
Global
	GlobalSection(SolutionConfigurationPlatforms) = preSolution
		Debug|Any CPU = Debug|Any CPU
		Release|Any CPU = Release|Any CPU
	EndGlobalSection
	GlobalSection(ProjectConfigurationPlatforms) = postSolution
		{7A156B49-E814-469F-90EE-BBA04A003CA5}.Debug|Any CPU.ActiveCfg = Debug|Any CPU
		{7A156B49-E814-469F-90EE-BBA04A003CA5}.Debug|Any CPU.Build.0 = Debug|Any CPU
		{7A156B49-E814-469F-90EE-BBA04A003CA5}.Release|Any CPU.ActiveCfg = Release|Any CPU
		{7A156B49-E814-469F-90EE-BBA04A003CA5}.Release|Any CPU.Build.0 = Release|Any CPU
	EndGlobalSection
	GlobalSection(SolutionProperties) = preSolution
		HideSolutionNode = FALSE
	EndGlobalSection
	GlobalSection(ExtensibilityGlobals) = postSolution
		SolutionGuid = {FAE82BB3-D1A7-43B7-9039-A8E42F1F5288}
	EndGlobalSection
EndGlobal
